
Microsoft Visual Studio Solution File, Format Version 12.00
# Visual Studio Version 17
VisualStudioVersion = 17.14.35906.104 d17.14
MinimumVisualStudioVersion = 10.0.40219.1
Project("{FAE04EC0-301F-11D3-BF4B-00C04F79EFBC}") = "CI-CD", "CI-CD\CI-CD.csproj", "{1BA6EDEF-5158-45E0-B723-0E0E7F52445D}"
EndProject
Global
	GlobalSection(SolutionConfigurationPlatforms) = preSolution
		Debug|Any CPU = Debug|Any CPU
		Release|Any CPU = Release|Any CPU
	EndGlobalSection
	GlobalSection(ProjectConfigurationPlatforms) = postSolution
		{1BA6EDEF-5158-45E0-B723-0E0E7F52445D}.Debug|Any CPU.ActiveCfg = Debug|Any CPU
		{1BA6EDEF-5158-45E0-B723-0E0E7F52445D}.Debug|Any CPU.Build.0 = Debug|Any CPU
		{1BA6EDEF-5158-45E0-B723-0E0E7F52445D}.Release|Any CPU.ActiveCfg = Release|Any CPU
		{1BA6EDEF-5158-45E0-B723-0E0E7F52445D}.Release|Any CPU.Build.0 = Release|Any CPU
	EndGlobalSection
	GlobalSection(SolutionProperties) = preSolution
		HideSolutionNode = FALSE
	EndGlobalSection
	GlobalSection(ExtensibilityGlobals) = postSolution
		SolutionGuid = {AC4AD0F3-D936-4D27-A9A0-8A05856DD686}
	EndGlobalSection
EndGlobal
